
Microsoft Visual Studio Solution File, Format Version 12.00
# Visual Studio Version 16
VisualStudioVersion = 16.0.30114.105
MinimumVisualStudioVersion = 10.0.40219.1
Project("{2150E333-8FDC-42A3-9474-1A3956D46DE8}") = "src", "src", "{03D60AB4-72FB-4E5D-9DBD-A7FEF298E0F0}"
EndProject
Project("{2150E333-8FDC-42A3-9474-1A3956D46DE8}") = "ApiGateways", "ApiGateways", "{B20DA0EA-496E-4F6C-9EED-20CFE7C814D8}"
EndProject
Project("{2150E333-8FDC-42A3-9474-1A3956D46DE8}") = "WebApiGateway", "WebApiGateway", "{4784969E-6369-4F78-A915-B7EC50AF5E04}"
EndProject
Project("{FAE04EC0-301F-11D3-BF4B-00C04F79EFBC}") = "Web.ApiGateway", "src\ApiGateways\WebApiGateway\Web.ApiGateway\Web.ApiGateway.csproj", "{36EF61E5-FBF0-4DF6-8804-D05410242C11}"
EndProject
Project("{2150E333-8FDC-42A3-9474-1A3956D46DE8}") = "BuildingBlocks", "BuildingBlocks", "{8DFFB0B5-2B9C-4A6D-94B7-11F0EA4ECA47}"
EndProject
Project("{2150E333-8FDC-42A3-9474-1A3956D46DE8}") = "EventBus", "EventBus", "{F2820011-A446-4C82-90DD-B8D686655DEA}"
EndProject
Project("{FAE04EC0-301F-11D3-BF4B-00C04F79EFBC}") = "EventBus.AzureServiceBus", "src\BuildingBlocks\EventBus\EventBus.AzureServiceBus\EventBus.AzureServiceBus.csproj", "{E3F92337-BDFF-4EFC-B68E-106A660661E0}"
EndProject
Project("{FAE04EC0-301F-11D3-BF4B-00C04F79EFBC}") = "EventBus.Base", "src\BuildingBlocks\EventBus\EventBus.Base\EventBus.Base.csproj", "{DE10A73B-0DDF-4B85-B91E-8B9F3454CC2E}"
EndProject
Project("{FAE04EC0-301F-11D3-BF4B-00C04F79EFBC}") = "EventBus.Factory", "src\BuildingBlocks\EventBus\EventBus.Factory\EventBus.Factory.csproj", "{ABA11D4D-499E-41DC-9717-C7812FD8192D}"
EndProject
Project("{FAE04EC0-301F-11D3-BF4B-00C04F79EFBC}") = "EventBus.RabbitMQ", "src\BuildingBlocks\EventBus\EventBus.RabbitMQ\EventBus.RabbitMQ.csproj", "{06412495-B24D-4F51-B225-BB229E8864FC}"
EndProject
Project("{2150E333-8FDC-42A3-9474-1A3956D46DE8}") = "Services", "Services", "{DD48A7D8-921E-4549-8DD2-F2ED21CBB3BE}"
EndProject
Project("{2150E333-8FDC-42A3-9474-1A3956D46DE8}") = "BasketService", "BasketService", "{03FDEE57-7A5E-4947-9D3A-503E7619157B}"
EndProject
Project("{FAE04EC0-301F-11D3-BF4B-00C04F79EFBC}") = "BasketService.Api", "src\Services\BasketService\BasketService.Api\BasketService.Api.csproj", "{08CE5AE1-1AAA-48AC-BA2B-3539DC500476}"
EndProject
Project("{2150E333-8FDC-42A3-9474-1A3956D46DE8}") = "CatalogService", "CatalogService", "{2DC2F7C8-48AC-46FD-B3D5-ACD26C88EF0A}"
EndProject
Project("{FAE04EC0-301F-11D3-BF4B-00C04F79EFBC}") = "CatalogService.Api", "src\Services\CatalogService\CatalogService.Api\CatalogService.Api.csproj", "{28141892-709F-4F06-88BE-21417C68DE7E}"
EndProject
Project("{2150E333-8FDC-42A3-9474-1A3956D46DE8}") = "IdentityService", "IdentityService", "{9509A66A-7463-44A6-AAB8-8003327FF689}"
EndProject
Project("{FAE04EC0-301F-11D3-BF4B-00C04F79EFBC}") = "IdentityService.Api", "src\Services\IdentityService\IdentityService.Api\IdentityService.Api.csproj", "{24DCE97F-2581-436C-A10A-7F70D07646DE}"
EndProject
Project("{2150E333-8FDC-42A3-9474-1A3956D46DE8}") = "NotificationService", "NotificationService", "{A07350A6-1B3A-4289-974E-722E9CF9DA6A}"
EndProject
Project("{FAE04EC0-301F-11D3-BF4B-00C04F79EFBC}") = "NotificationService", "src\Services\NotificationService\NotificationService\NotificationService.csproj", "{A3CCAA51-AC7D-4518-BF13-C57E73C7F6D0}"
EndProject
Project("{2150E333-8FDC-42A3-9474-1A3956D46DE8}") = "PaymentService", "PaymentService", "{2E81EC11-4053-4EB0-8A21-81F63FF1922A}"
EndProject
Project("{FAE04EC0-301F-11D3-BF4B-00C04F79EFBC}") = "PaymentService.Api", "src\Services\PaymentService\PaymentService.Api\PaymentService.Api.csproj", "{DB1779FB-FADB-48AA-93DF-F4E4C7F5EF78}"
EndProject
Project("{2150E333-8FDC-42A3-9474-1A3956D46DE8}") = "OrderService", "OrderService", "{D3EA92CB-1AD9-4213-BA62-D7297EFE27E2}"
EndProject
Project("{FAE04EC0-301F-11D3-BF4B-00C04F79EFBC}") = "OrderService.Api", "src\Services\OrderService\OrderService.Api\OrderService.Api.csproj", "{58B1BBA8-9A78-402E-A3A2-9476DBD93E1F}"
EndProject
Project("{FAE04EC0-301F-11D3-BF4B-00C04F79EFBC}") = "OrderService.Application", "src\Services\OrderService\OrderService.Application\OrderService.Application.csproj", "{7F0AE761-D708-4A76-B8C8-A8DDC0F482D8}"
EndProject
Project("{FAE04EC0-301F-11D3-BF4B-00C04F79EFBC}") = "OrderService.Domain", "src\Services\OrderService\OrderService.Domain\OrderService.Domain.csproj", "{D3B521D9-AB06-4CBC-A177-2A174A0D4FCC}"
EndProject
Project("{FAE04EC0-301F-11D3-BF4B-00C04F79EFBC}") = "OrderService.Infrastructure", "src\Services\OrderService\OrderService.Infrastructure\OrderService.Infrastructure.csproj", "{6206DDA3-9622-4523-B4A8-54006BF2C9AC}"
EndProject
Project("{2150E333-8FDC-42A3-9474-1A3956D46DE8}") = "tests", "tests", "{6510C5AA-02E5-4B7F-AD4E-94E02AE5C6E9}"
EndProject
Project("{2150E333-8FDC-42A3-9474-1A3956D46DE8}") = "BuildingBlocks", "BuildingBlocks", "{22B81366-BAE2-463C-AE6A-D2F32245A3DF}"
EndProject
Project("{FAE04EC0-301F-11D3-BF4B-00C04F79EFBC}") = "EventBus.UnitTest", "tests\BuildingBlocks\EventBus.UnitTest\EventBus.UnitTest.csproj", "{D119C415-057A-4C83-9C75-90FAB48FD6AC}"
EndProject
Global
	GlobalSection(SolutionConfigurationPlatforms) = preSolution
		Debug|Any CPU = Debug|Any CPU
		Release|Any CPU = Release|Any CPU
	EndGlobalSection
	GlobalSection(SolutionProperties) = preSolution
		HideSolutionNode = FALSE
	EndGlobalSection
	GlobalSection(ProjectConfigurationPlatforms) = postSolution
		{36EF61E5-FBF0-4DF6-8804-D05410242C11}.Debug|Any CPU.ActiveCfg = Debug|Any CPU
		{36EF61E5-FBF0-4DF6-8804-D05410242C11}.Debug|Any CPU.Build.0 = Debug|Any CPU
		{36EF61E5-FBF0-4DF6-8804-D05410242C11}.Release|Any CPU.ActiveCfg = Release|Any CPU
		{36EF61E5-FBF0-4DF6-8804-D05410242C11}.Release|Any CPU.Build.0 = Release|Any CPU
		{E3F92337-BDFF-4EFC-B68E-106A660661E0}.Debug|Any CPU.ActiveCfg = Debug|Any CPU
		{E3F92337-BDFF-4EFC-B68E-106A660661E0}.Debug|Any CPU.Build.0 = Debug|Any CPU
		{E3F92337-BDFF-4EFC-B68E-106A660661E0}.Release|Any CPU.ActiveCfg = Release|Any CPU
		{E3F92337-BDFF-4EFC-B68E-106A660661E0}.Release|Any CPU.Build.0 = Release|Any CPU
		{DE10A73B-0DDF-4B85-B91E-8B9F3454CC2E}.Debug|Any CPU.ActiveCfg = Debug|Any CPU
		{DE10A73B-0DDF-4B85-B91E-8B9F3454CC2E}.Debug|Any CPU.Build.0 = Debug|Any CPU
		{DE10A73B-0DDF-4B85-B91E-8B9F3454CC2E}.Release|Any CPU.ActiveCfg = Release|Any CPU
		{DE10A73B-0DDF-4B85-B91E-8B9F3454CC2E}.Release|Any CPU.Build.0 = Release|Any CPU
		{ABA11D4D-499E-41DC-9717-C7812FD8192D}.Debug|Any CPU.ActiveCfg = Debug|Any CPU
		{ABA11D4D-499E-41DC-9717-C7812FD8192D}.Debug|Any CPU.Build.0 = Debug|Any CPU
		{ABA11D4D-499E-41DC-9717-C7812FD8192D}.Release|Any CPU.ActiveCfg = Release|Any CPU
		{ABA11D4D-499E-41DC-9717-C7812FD8192D}.Release|Any CPU.Build.0 = Release|Any CPU
		{06412495-B24D-4F51-B225-BB229E8864FC}.Debug|Any CPU.ActiveCfg = Debug|Any CPU
		{06412495-B24D-4F51-B225-BB229E8864FC}.Debug|Any CPU.Build.0 = Debug|Any CPU
		{06412495-B24D-4F51-B225-BB229E8864FC}.Release|Any CPU.ActiveCfg = Release|Any CPU
		{06412495-B24D-4F51-B225-BB229E8864FC}.Release|Any CPU.Build.0 = Release|Any CPU
		{08CE5AE1-1AAA-48AC-BA2B-3539DC500476}.Debug|Any CPU.ActiveCfg = Debug|Any CPU
		{08CE5AE1-1AAA-48AC-BA2B-3539DC500476}.Debug|Any CPU.Build.0 = Debug|Any CPU
		{08CE5AE1-1AAA-48AC-BA2B-3539DC500476}.Release|Any CPU.ActiveCfg = Release|Any CPU
		{08CE5AE1-1AAA-48AC-BA2B-3539DC500476}.Release|Any CPU.Build.0 = Release|Any CPU
		{28141892-709F-4F06-88BE-21417C68DE7E}.Debug|Any CPU.ActiveCfg = Debug|Any CPU
		{28141892-709F-4F06-88BE-21417C68DE7E}.Debug|Any CPU.Build.0 = Debug|Any CPU
		{28141892-709F-4F06-88BE-21417C68DE7E}.Release|Any CPU.ActiveCfg = Release|Any CPU
		{28141892-709F-4F06-88BE-21417C68DE7E}.Release|Any CPU.Build.0 = Release|Any CPU
		{24DCE97F-2581-436C-A10A-7F70D07646DE}.Debug|Any CPU.ActiveCfg = Debug|Any CPU
		{24DCE97F-2581-436C-A10A-7F70D07646DE}.Debug|Any CPU.Build.0 = Debug|Any CPU
		{24DCE97F-2581-436C-A10A-7F70D07646DE}.Release|Any CPU.ActiveCfg = Release|Any CPU
		{24DCE97F-2581-436C-A10A-7F70D07646DE}.Release|Any CPU.Build.0 = Release|Any CPU
		{A3CCAA51-AC7D-4518-BF13-C57E73C7F6D0}.Debug|Any CPU.ActiveCfg = Debug|Any CPU
		{A3CCAA51-AC7D-4518-BF13-C57E73C7F6D0}.Debug|Any CPU.Build.0 = Debug|Any CPU
		{A3CCAA51-AC7D-4518-BF13-C57E73C7F6D0}.Release|Any CPU.ActiveCfg = Release|Any CPU
		{A3CCAA51-AC7D-4518-BF13-C57E73C7F6D0}.Release|Any CPU.Build.0 = Release|Any CPU
		{DB1779FB-FADB-48AA-93DF-F4E4C7F5EF78}.Debug|Any CPU.ActiveCfg = Debug|Any CPU
		{DB1779FB-FADB-48AA-93DF-F4E4C7F5EF78}.Debug|Any CPU.Build.0 = Debug|Any CPU
		{DB1779FB-FADB-48AA-93DF-F4E4C7F5EF78}.Release|Any CPU.ActiveCfg = Release|Any CPU
		{DB1779FB-FADB-48AA-93DF-F4E4C7F5EF78}.Release|Any CPU.Build.0 = Release|Any CPU
		{58B1BBA8-9A78-402E-A3A2-9476DBD93E1F}.Debug|Any CPU.ActiveCfg = Debug|Any CPU
		{58B1BBA8-9A78-402E-A3A2-9476DBD93E1F}.Debug|Any CPU.Build.0 = Debug|Any CPU
		{58B1BBA8-9A78-402E-A3A2-9476DBD93E1F}.Release|Any CPU.ActiveCfg = Release|Any CPU
		{58B1BBA8-9A78-402E-A3A2-9476DBD93E1F}.Release|Any CPU.Build.0 = Release|Any CPU
		{7F0AE761-D708-4A76-B8C8-A8DDC0F482D8}.Debug|Any CPU.ActiveCfg = Debug|Any CPU
		{7F0AE761-D708-4A76-B8C8-A8DDC0F482D8}.Debug|Any CPU.Build.0 = Debug|Any CPU
		{7F0AE761-D708-4A76-B8C8-A8DDC0F482D8}.Release|Any CPU.ActiveCfg = Release|Any CPU
		{7F0AE761-D708-4A76-B8C8-A8DDC0F482D8}.Release|Any CPU.Build.0 = Release|Any CPU
		{D3B521D9-AB06-4CBC-A177-2A174A0D4FCC}.Debug|Any CPU.ActiveCfg = Debug|Any CPU
		{D3B521D9-AB06-4CBC-A177-2A174A0D4FCC}.Debug|Any CPU.Build.0 = Debug|Any CPU
		{D3B521D9-AB06-4CBC-A177-2A174A0D4FCC}.Release|Any CPU.ActiveCfg = Release|Any CPU
		{D3B521D9-AB06-4CBC-A177-2A174A0D4FCC}.Release|Any CPU.Build.0 = Release|Any CPU
		{6206DDA3-9622-4523-B4A8-54006BF2C9AC}.Debug|Any CPU.ActiveCfg = Debug|Any CPU
		{6206DDA3-9622-4523-B4A8-54006BF2C9AC}.Debug|Any CPU.Build.0 = Debug|Any CPU
		{6206DDA3-9622-4523-B4A8-54006BF2C9AC}.Release|Any CPU.ActiveCfg = Release|Any CPU
		{6206DDA3-9622-4523-B4A8-54006BF2C9AC}.Release|Any CPU.Build.0 = Release|Any CPU
		{D119C415-057A-4C83-9C75-90FAB48FD6AC}.Debug|Any CPU.ActiveCfg = Debug|Any CPU
		{D119C415-057A-4C83-9C75-90FAB48FD6AC}.Debug|Any CPU.Build.0 = Debug|Any CPU
		{D119C415-057A-4C83-9C75-90FAB48FD6AC}.Release|Any CPU.ActiveCfg = Release|Any CPU
		{D119C415-057A-4C83-9C75-90FAB48FD6AC}.Release|Any CPU.Build.0 = Release|Any CPU
	EndGlobalSection
	GlobalSection(NestedProjects) = preSolution
		{B20DA0EA-496E-4F6C-9EED-20CFE7C814D8} = {03D60AB4-72FB-4E5D-9DBD-A7FEF298E0F0}
		{4784969E-6369-4F78-A915-B7EC50AF5E04} = {B20DA0EA-496E-4F6C-9EED-20CFE7C814D8}
		{36EF61E5-FBF0-4DF6-8804-D05410242C11} = {4784969E-6369-4F78-A915-B7EC50AF5E04}
		{8DFFB0B5-2B9C-4A6D-94B7-11F0EA4ECA47} = {03D60AB4-72FB-4E5D-9DBD-A7FEF298E0F0}
		{F2820011-A446-4C82-90DD-B8D686655DEA} = {8DFFB0B5-2B9C-4A6D-94B7-11F0EA4ECA47}
		{E3F92337-BDFF-4EFC-B68E-106A660661E0} = {F2820011-A446-4C82-90DD-B8D686655DEA}
		{DE10A73B-0DDF-4B85-B91E-8B9F3454CC2E} = {F2820011-A446-4C82-90DD-B8D686655DEA}
		{ABA11D4D-499E-41DC-9717-C7812FD8192D} = {F2820011-A446-4C82-90DD-B8D686655DEA}
		{06412495-B24D-4F51-B225-BB229E8864FC} = {F2820011-A446-4C82-90DD-B8D686655DEA}
		{DD48A7D8-921E-4549-8DD2-F2ED21CBB3BE} = {03D60AB4-72FB-4E5D-9DBD-A7FEF298E0F0}
		{03FDEE57-7A5E-4947-9D3A-503E7619157B} = {DD48A7D8-921E-4549-8DD2-F2ED21CBB3BE}
		{08CE5AE1-1AAA-48AC-BA2B-3539DC500476} = {03FDEE57-7A5E-4947-9D3A-503E7619157B}
		{2DC2F7C8-48AC-46FD-B3D5-ACD26C88EF0A} = {DD48A7D8-921E-4549-8DD2-F2ED21CBB3BE}
		{28141892-709F-4F06-88BE-21417C68DE7E} = {2DC2F7C8-48AC-46FD-B3D5-ACD26C88EF0A}
		{9509A66A-7463-44A6-AAB8-8003327FF689} = {DD48A7D8-921E-4549-8DD2-F2ED21CBB3BE}
		{24DCE97F-2581-436C-A10A-7F70D07646DE} = {9509A66A-7463-44A6-AAB8-8003327FF689}
		{A07350A6-1B3A-4289-974E-722E9CF9DA6A} = {DD48A7D8-921E-4549-8DD2-F2ED21CBB3BE}
		{A3CCAA51-AC7D-4518-BF13-C57E73C7F6D0} = {A07350A6-1B3A-4289-974E-722E9CF9DA6A}
		{2E81EC11-4053-4EB0-8A21-81F63FF1922A} = {DD48A7D8-921E-4549-8DD2-F2ED21CBB3BE}
		{DB1779FB-FADB-48AA-93DF-F4E4C7F5EF78} = {2E81EC11-4053-4EB0-8A21-81F63FF1922A}
		{D3EA92CB-1AD9-4213-BA62-D7297EFE27E2} = {DD48A7D8-921E-4549-8DD2-F2ED21CBB3BE}
		{58B1BBA8-9A78-402E-A3A2-9476DBD93E1F} = {D3EA92CB-1AD9-4213-BA62-D7297EFE27E2}
		{7F0AE761-D708-4A76-B8C8-A8DDC0F482D8} = {D3EA92CB-1AD9-4213-BA62-D7297EFE27E2}
		{D3B521D9-AB06-4CBC-A177-2A174A0D4FCC} = {D3EA92CB-1AD9-4213-BA62-D7297EFE27E2}
		{6206DDA3-9622-4523-B4A8-54006BF2C9AC} = {D3EA92CB-1AD9-4213-BA62-D7297EFE27E2}
		{22B81366-BAE2-463C-AE6A-D2F32245A3DF} = {6510C5AA-02E5-4B7F-AD4E-94E02AE5C6E9}
		{D119C415-057A-4C83-9C75-90FAB48FD6AC} = {22B81366-BAE2-463C-AE6A-D2F32245A3DF}
	EndGlobalSection
EndGlobal
